
Microsoft Visual Studio Solution File, Format Version 12.00
# Visual Studio Version 17
VisualStudioVersion = 17.14.36121.58
MinimumVisualStudioVersion = 10.0.40219.1
Project("{FAE04EC0-301F-11D3-BF4B-00C04F79EFBC}") = "Movies.API", "Movies.API\Movies.API.csproj", "{381712EF-751C-4254-A94D-28E4E0C5D039}"
EndProject
Project("{FAE04EC0-301F-11D3-BF4B-00C04F79EFBC}") = "Movies.Core", "Movies.Core\Movies.Core.csproj", "{A95DB6A0-139D-4031-8927-5F3CBBEA88DA}"
EndProject
Project("{FAE04EC0-301F-11D3-BF4B-00C04F79EFBC}") = "Movies.Data", "Movies.Data\Movies.Data.csproj", "{52F19402-0562-429D-864A-3B10E07847E5}"
EndProject
Project("{FAE04EC0-301F-11D3-BF4B-00C04F79EFBC}") = "Movies.Services", "Movies.Services\Movies.Services.csproj", "{42D29E67-3154-40AA-9E7F-C5357218B014}"
EndProject
Project("{FAE04EC0-301F-11D3-BF4B-00C04F79EFBC}") = "Movies.Services.Contracts", "Movies.Services.Contracts\Movies.Services.Contracts.csproj", "{37E409E1-9730-4E1E-A28A-95EB91F0B95A}"
EndProject
Project("{FAE04EC0-301F-11D3-BF4B-00C04F79EFBC}") = "Movies.Presentation", "Movies.Presentation\Movies.Presentation.csproj", "{037071A4-7546-4A69-9EB3-2D6EFC622C6F}"
EndProject
Project("{FAE04EC0-301F-11D3-BF4B-00C04F79EFBC}") = "Movies.Services.Tests", "Movies.Services.Tests\Movies.Services.Tests.csproj", "{16328799-E493-4746-AABE-7E89FB9BCB82}"
EndProject
Global
	GlobalSection(SolutionConfigurationPlatforms) = preSolution
		Debug|Any CPU = Debug|Any CPU
		Release|Any CPU = Release|Any CPU
	EndGlobalSection
	GlobalSection(ProjectConfigurationPlatforms) = postSolution
		{381712EF-751C-4254-A94D-28E4E0C5D039}.Debug|Any CPU.ActiveCfg = Debug|Any CPU
		{381712EF-751C-4254-A94D-28E4E0C5D039}.Debug|Any CPU.Build.0 = Debug|Any CPU
		{381712EF-751C-4254-A94D-28E4E0C5D039}.Release|Any CPU.ActiveCfg = Release|Any CPU
		{381712EF-751C-4254-A94D-28E4E0C5D039}.Release|Any CPU.Build.0 = Release|Any CPU
		{A95DB6A0-139D-4031-8927-5F3CBBEA88DA}.Debug|Any CPU.ActiveCfg = Debug|Any CPU
		{A95DB6A0-139D-4031-8927-5F3CBBEA88DA}.Debug|Any CPU.Build.0 = Debug|Any CPU
		{A95DB6A0-139D-4031-8927-5F3CBBEA88DA}.Release|Any CPU.ActiveCfg = Release|Any CPU
		{A95DB6A0-139D-4031-8927-5F3CBBEA88DA}.Release|Any CPU.Build.0 = Release|Any CPU
		{52F19402-0562-429D-864A-3B10E07847E5}.Debug|Any CPU.ActiveCfg = Debug|Any CPU
		{52F19402-0562-429D-864A-3B10E07847E5}.Debug|Any CPU.Build.0 = Debug|Any CPU
		{52F19402-0562-429D-864A-3B10E07847E5}.Release|Any CPU.ActiveCfg = Release|Any CPU
		{52F19402-0562-429D-864A-3B10E07847E5}.Release|Any CPU.Build.0 = Release|Any CPU
		{42D29E67-3154-40AA-9E7F-C5357218B014}.Debug|Any CPU.ActiveCfg = Debug|Any CPU
		{42D29E67-3154-40AA-9E7F-C5357218B014}.Debug|Any CPU.Build.0 = Debug|Any CPU
		{42D29E67-3154-40AA-9E7F-C5357218B014}.Release|Any CPU.ActiveCfg = Release|Any CPU
		{42D29E67-3154-40AA-9E7F-C5357218B014}.Release|Any CPU.Build.0 = Release|Any CPU
		{37E409E1-9730-4E1E-A28A-95EB91F0B95A}.Debug|Any CPU.ActiveCfg = Debug|Any CPU
		{37E409E1-9730-4E1E-A28A-95EB91F0B95A}.Debug|Any CPU.Build.0 = Debug|Any CPU
		{37E409E1-9730-4E1E-A28A-95EB91F0B95A}.Release|Any CPU.ActiveCfg = Release|Any CPU
		{37E409E1-9730-4E1E-A28A-95EB91F0B95A}.Release|Any CPU.Build.0 = Release|Any CPU
		{037071A4-7546-4A69-9EB3-2D6EFC622C6F}.Debug|Any CPU.ActiveCfg = Debug|Any CPU
		{037071A4-7546-4A69-9EB3-2D6EFC622C6F}.Debug|Any CPU.Build.0 = Debug|Any CPU
		{037071A4-7546-4A69-9EB3-2D6EFC622C6F}.Release|Any CPU.ActiveCfg = Release|Any CPU
		{037071A4-7546-4A69-9EB3-2D6EFC622C6F}.Release|Any CPU.Build.0 = Release|Any CPU
		{16328799-E493-4746-AABE-7E89FB9BCB82}.Debug|Any CPU.ActiveCfg = Debug|Any CPU
		{16328799-E493-4746-AABE-7E89FB9BCB82}.Debug|Any CPU.Build.0 = Debug|Any CPU
		{16328799-E493-4746-AABE-7E89FB9BCB82}.Release|Any CPU.ActiveCfg = Release|Any CPU
		{16328799-E493-4746-AABE-7E89FB9BCB82}.Release|Any CPU.Build.0 = Release|Any CPU
	EndGlobalSection
	GlobalSection(SolutionProperties) = preSolution
		HideSolutionNode = FALSE
	EndGlobalSection
	GlobalSection(ExtensibilityGlobals) = postSolution
		SolutionGuid = {19473E14-DAE5-48AE-BFEF-61612B3B242A}
	EndGlobalSection
EndGlobal
